
Microsoft Visual Studio Solution File, Format Version 12.00
# Visual Studio Version 17
VisualStudioVersion = 17.5.33627.172
MinimumVisualStudioVersion = 10.0.40219.1
Project("{9A19103F-16F7-4668-BE54-9A1E7A4F7556}") = "SharpBoy.Core", "SharpBoy.Core\SharpBoy.Core.csproj", "{7F4DE2CC-FEEB-43F8-950B-E24DE16FD69A}"
EndProject
Project("{9A19103F-16F7-4668-BE54-9A1E7A4F7556}") = "SharpBoy.Core.Tests", "SharpBoy.Core.Tests\SharpBoy.Core.Tests.csproj", "{EA221235-2AB8-4542-A58D-D90A82B4862A}"
EndProject
Project("{9A19103F-16F7-4668-BE54-9A1E7A4F7556}") = "SharpBoy.Core.Rendering.Silk", "SharpBoy.Core.Rendering.Silk\SharpBoy.Core.Rendering.Silk.csproj", "{F158990F-1DF7-470B-8118-9D47C1983A12}"
EndProject
Project("{9A19103F-16F7-4668-BE54-9A1E7A4F7556}") = "SharpBoy.App", "SharpBoy.App\SharpBoy.App.csproj", "{C1B14380-69C1-4E72-9133-BF60C535E748}"
EndProject
Project("{9A19103F-16F7-4668-BE54-9A1E7A4F7556}") = "SharpBoy.App.Desktop", "SharpBoy.App.Desktop\SharpBoy.App.Desktop.csproj", "{645DB483-27C5-48F1-A2E5-9E2381C48214}"
EndProject
Global
	GlobalSection(SolutionConfigurationPlatforms) = preSolution
		Debug|Any CPU = Debug|Any CPU
		Release|Any CPU = Release|Any CPU
	EndGlobalSection
	GlobalSection(ProjectConfigurationPlatforms) = postSolution
		{7F4DE2CC-FEEB-43F8-950B-E24DE16FD69A}.Debug|Any CPU.ActiveCfg = Debug|Any CPU
		{7F4DE2CC-FEEB-43F8-950B-E24DE16FD69A}.Debug|Any CPU.Build.0 = Debug|Any CPU
		{7F4DE2CC-FEEB-43F8-950B-E24DE16FD69A}.Release|Any CPU.ActiveCfg = Release|Any CPU
		{7F4DE2CC-FEEB-43F8-950B-E24DE16FD69A}.Release|Any CPU.Build.0 = Release|Any CPU
		{EA221235-2AB8-4542-A58D-D90A82B4862A}.Debug|Any CPU.ActiveCfg = Debug|Any CPU
		{EA221235-2AB8-4542-A58D-D90A82B4862A}.Debug|Any CPU.Build.0 = Debug|Any CPU
		{EA221235-2AB8-4542-A58D-D90A82B4862A}.Release|Any CPU.ActiveCfg = Release|Any CPU
		{EA221235-2AB8-4542-A58D-D90A82B4862A}.Release|Any CPU.Build.0 = Release|Any CPU
		{F158990F-1DF7-470B-8118-9D47C1983A12}.Debug|Any CPU.ActiveCfg = Debug|Any CPU
		{F158990F-1DF7-470B-8118-9D47C1983A12}.Debug|Any CPU.Build.0 = Debug|Any CPU
		{F158990F-1DF7-470B-8118-9D47C1983A12}.Release|Any CPU.ActiveCfg = Release|Any CPU
		{F158990F-1DF7-470B-8118-9D47C1983A12}.Release|Any CPU.Build.0 = Release|Any CPU
		{C1B14380-69C1-4E72-9133-BF60C535E748}.Debug|Any CPU.ActiveCfg = Debug|Any CPU
		{C1B14380-69C1-4E72-9133-BF60C535E748}.Debug|Any CPU.Build.0 = Debug|Any CPU
		{C1B14380-69C1-4E72-9133-BF60C535E748}.Release|Any CPU.ActiveCfg = Release|Any CPU
		{C1B14380-69C1-4E72-9133-BF60C535E748}.Release|Any CPU.Build.0 = Release|Any CPU
		{645DB483-27C5-48F1-A2E5-9E2381C48214}.Debug|Any CPU.ActiveCfg = Debug|Any CPU
		{645DB483-27C5-48F1-A2E5-9E2381C48214}.Debug|Any CPU.Build.0 = Debug|Any CPU
		{645DB483-27C5-48F1-A2E5-9E2381C48214}.Release|Any CPU.ActiveCfg = Release|Any CPU
		{645DB483-27C5-48F1-A2E5-9E2381C48214}.Release|Any CPU.Build.0 = Release|Any CPU
	EndGlobalSection
	GlobalSection(SolutionProperties) = preSolution
		HideSolutionNode = FALSE
	EndGlobalSection
	GlobalSection(ExtensibilityGlobals) = postSolution
		SolutionGuid = {E79C42D6-5115-4BC4-B331-A7C23F12FCCE}
	EndGlobalSection
EndGlobal
